// !$*UTF8*$!
{
	archiveVersion = 1;
	classes = {
	};
	objectVersion = 50;
	objects = {

/* Begin PBXBuildFile section */
		D40FD9EF2538A5DC0067EB76 /* AppDelegate.swift in Sources */ = {isa = PBXBuildFile; fileRef = D40FD9EE2538A5DC0067EB76 /* AppDelegate.swift */; };
		D40FD9F12538A5DC0067EB76 /* ViewController.swift in Sources */ = {isa = PBXBuildFile; fileRef = D40FD9F02538A5DC0067EB76 /* ViewController.swift */; };
		D40FD9F42538A5DC0067EB76 /* Main.storyboard in Resources */ = {isa = PBXBuildFile; fileRef = D40FD9F22538A5DC0067EB76 /* Main.storyboard */; };
		D40FD9F72538A5DC0067EB76 /* MyContacts.xcdatamodeld in Sources */ = {isa = PBXBuildFile; fileRef = D40FD9F52538A5DC0067EB76 /* MyContacts.xcdatamodeld */; };
		D40FD9F92538A5DD0067EB76 /* Assets.xcassets in Resources */ = {isa = PBXBuildFile; fileRef = D40FD9F82538A5DD0067EB76 /* Assets.xcassets */; };
		D40FD9FC2538A5DD0067EB76 /* LaunchScreen.storyboard in Resources */ = {isa = PBXBuildFile; fileRef = D40FD9FA2538A5DD0067EB76 /* LaunchScreen.storyboard */; };
		D40FDA052538AAE40067EB76 /* call.png in Resources */ = {isa = PBXBuildFile; fileRef = D40FDA042538AAE40067EB76 /* call.png */; };
		D40FDA072538B1C60067EB76 /* ContactTableViewController.swift in Sources */ = {isa = PBXBuildFile; fileRef = D40FDA062538B1C60067EB76 /* ContactTableViewController.swift */; };
/* End PBXBuildFile section */

/* Begin PBXFileReference section */
		D40FD9EB2538A5DC0067EB76 /* MyContacts.app */ = {isa = PBXFileReference; explicitFileType = wrapper.application; includeInIndex = 0; path = MyContacts.app; sourceTree = BUILT_PRODUCTS_DIR; };
		D40FD9EE2538A5DC0067EB76 /* AppDelegate.swift */ = {isa = PBXFileReference; lastKnownFileType = sourcecode.swift; path = AppDelegate.swift; sourceTree = "<group>"; };
		D40FD9F02538A5DC0067EB76 /* ViewController.swift */ = {isa = PBXFileReference; lastKnownFileType = sourcecode.swift; path = ViewController.swift; sourceTree = "<group>"; };
		D40FD9F32538A5DC0067EB76 /* Base */ = {isa = PBXFileReference; lastKnownFileType = file.storyboard; name = Base; path = Base.lproj/Main.storyboard; sourceTree = "<group>"; };
		D40FD9F62538A5DC0067EB76 /* MyContacts.xcdatamodel */ = {isa = PBXFileReference; lastKnownFileType = wrapper.xcdatamodel; path = MyContacts.xcdatamodel; sourceTree = "<group>"; };
		D40FD9F82538A5DD0067EB76 /* Assets.xcassets */ = {isa = PBXFileReference; lastKnownFileType = folder.assetcatalog; path = Assets.xcassets; sourceTree = "<group>"; };
		D40FD9FB2538A5DD0067EB76 /* Base */ = {isa = PBXFileReference; lastKnownFileType = file.storyboard; name = Base; path = Base.lproj/LaunchScreen.storyboard; sourceTree = "<group>"; };
		D40FD9FD2538A5DD0067EB76 /* Info.plist */ = {isa = PBXFileReference; lastKnownFileType = text.plist.xml; path = Info.plist; sourceTree = "<group>"; };
		D40FDA042538AAE40067EB76 /* call.png */ = {isa = PBXFileReference; lastKnownFileType = image.png; path = call.png; sourceTree = "<group>"; };
		D40FDA062538B1C60067EB76 /* ContactTableViewController.swift */ = {isa = PBXFileReference; lastKnownFileType = sourcecode.swift; path = ContactTableViewController.swift; sourceTree = "<group>"; };
/* End PBXFileReference section */

/* Begin PBXFrameworksBuildPhase section */
		D40FD9E82538A5DC0067EB76 /* Frameworks */ = {
			isa = PBXFrameworksBuildPhase;
			buildActionMask = 2147483647;
			files = (
			);
			runOnlyForDeploymentPostprocessing = 0;
		};
/* End PBXFrameworksBuildPhase section */

/* Begin PBXGroup section */
		D40FD9E22538A5DC0067EB76 = {
			isa = PBXGroup;
			children = (
				D40FDA032538AA290067EB76 /* Images */,
				D40FD9ED2538A5DC0067EB76 /* MyContacts */,
				D40FD9EC2538A5DC0067EB76 /* Products */,
			);
			sourceTree = "<group>";
		};
		D40FD9EC2538A5DC0067EB76 /* Products */ = {
			isa = PBXGroup;
			children = (
				D40FD9EB2538A5DC0067EB76 /* MyContacts.app */,
			);
			name = Products;
			sourceTree = "<group>";
		};
		D40FD9ED2538A5DC0067EB76 /* MyContacts */ = {
			isa = PBXGroup;
			children = (
				D40FDA062538B1C60067EB76 /* ContactTableViewController.swift */,
				D40FD9EE2538A5DC0067EB76 /* AppDelegate.swift */,
				D40FD9F02538A5DC0067EB76 /* ViewController.swift */,
				D40FD9F22538A5DC0067EB76 /* Main.storyboard */,
				D40FD9F82538A5DD0067EB76 /* Assets.xcassets */,
				D40FD9FA2538A5DD0067EB76 /* LaunchScreen.storyboard */,
				D40FD9FD2538A5DD0067EB76 /* Info.plist */,
				D40FD9F52538A5DC0067EB76 /* MyContacts.xcdatamodeld */,
			);
			path = MyContacts;
			sourceTree = "<group>";
		};
		D40FDA032538AA290067EB76 /* Images */ = {
			isa = PBXGroup;
			children = (
				D40FDA042538AAE40067EB76 /* call.png */,
			);
			path = Images;
			sourceTree = "<group>";
		};
/* End PBXGroup section */

/* Begin PBXNativeTarget section */
		D40FD9EA2538A5DC0067EB76 /* MyContacts */ = {
			isa = PBXNativeTarget;
			buildConfigurationList = D40FDA002538A5DD0067EB76 /* Build configuration list for PBXNativeTarget "MyContacts" */;
			buildPhases = (
				D40FD9E72538A5DC0067EB76 /* Sources */,
				D40FD9E82538A5DC0067EB76 /* Frameworks */,
				D40FD9E92538A5DC0067EB76 /* Resources */,
			);
			buildRules = (
			);
			dependencies = (
			);
			name = MyContacts;
			productName = MyContacts;
			productReference = D40FD9EB2538A5DC0067EB76 /* MyContacts.app */;
			productType = "com.apple.product-type.application";
		};
/* End PBXNativeTarget section */

/* Begin PBXProject section */
		D40FD9E32538A5DC0067EB76 /* Project object */ = {
			isa = PBXProject;
			attributes = {
				LastSwiftUpdateCheck = 1030;
				LastUpgradeCheck = 1030;
				ORGANIZATIONNAME = "RVC Terry";
				TargetAttributes = {
					D40FD9EA2538A5DC0067EB76 = {
						CreatedOnToolsVersion = 10.3;
					};
				};
			};
			buildConfigurationList = D40FD9E62538A5DC0067EB76 /* Build configuration list for PBXProject "MyContacts" */;
			compatibilityVersion = "Xcode 9.3";
			developmentRegion = en;
			hasScannedForEncodings = 0;
			knownRegions = (
				en,
				Base,
			);
			mainGroup = D40FD9E22538A5DC0067EB76;
			productRefGroup = D40FD9EC2538A5DC0067EB76 /* Products */;
			projectDirPath = "";
			projectRoot = "";
			targets = (
				D40FD9EA2538A5DC0067EB76 /* MyContacts */,
			);
		};
/* End PBXProject section */

/* Begin PBXResourcesBuildPhase section */
		D40FD9E92538A5DC0067EB76 /* Resources */ = {
			isa = PBXResourcesBuildPhase;
			buildActionMask = 2147483647;
			files = (
				D40FD9FC2538A5DD0067EB76 /* LaunchScreen.storyboard in Resources */,
				D40FD9F92538A5DD0067EB76 /* Assets.xcassets in Resources */,
				D40FD9F42538A5DC0067EB76 /* Main.storyboard in Resources */,
				D40FDA052538AAE40067EB76 /* call.png in Resources */,
			);
			runOnlyForDeploymentPostprocessing = 0;
		};
/* End PBXResourcesBuildPhase section */

/* Begin PBXSourcesBuildPhase section */
		D40FD9E72538A5DC0067EB76 /* Sources */ = {
			isa = PBXSourcesBuildPhase;
			buildActionMask = 2147483647;
			files = (
				D40FDA072538B1C60067EB76 /* ContactTableViewController.swift in Sources */,
				D40FD9F12538A5DC0067EB76 /* ViewController.swift in Sources */,
				D40FD9EF2538A5DC0067EB76 /* AppDelegate.swift in Sources */,
				D40FD9F72538A5DC0067EB76 /* MyContacts.xcdatamodeld in Sources */,
			);
			runOnlyForDeploymentPostprocessing = 0;
		};
/* End PBXSourcesBuildPhase section */

/* Begin PBXVariantGroup section */
		D40FD9F22538A5DC0067EB76 /* Main.storyboard */ = {
			isa = PBXVariantGroup;
			children = (
				D40FD9F32538A5DC0067EB76 /* Base */,
			);
			name = Main.storyboard;
			sourceTree = "<group>";
		};
		D40FD9FA2538A5DD0067EB76 /* LaunchScreen.storyboard */ = {
			isa = PBXVariantGroup;
			children = (
				D40FD9FB2538A5DD0067EB76 /* Base */,
			);
			name = LaunchScreen.storyboard;
			sourceTree = "<group>";
		};
/* End PBXVariantGroup section */

/* Begin XCBuildConfiguration section */
		D40FD9FE2538A5DD0067EB76 /* Debug */ = {
			isa = XCBuildConfiguration;
			buildSettings = {
				ALWAYS_SEARCH_USER_PATHS = NO;
				CLANG_ANALYZER_NONNULL = YES;
				CLANG_ANALYZER_NUMBER_OBJECT_CONVERSION = YES_AGGRESSIVE;
				CLANG_CXX_LANGUAGE_STANDARD = "gnu++14";
				CLANG_CXX_LIBRARY = "libc++";
				CLANG_ENABLE_MODULES = YES;
				CLANG_ENABLE_OBJC_ARC = YES;
				CLANG_ENABLE_OBJC_WEAK = YES;
				CLANG_WARN_BLOCK_CAPTURE_AUTORELEASING = YES;
				CLANG_WARN_BOOL_CONVERSION = YES;
				CLANG_WARN_COMMA = YES;
				CLANG_WARN_CONSTANT_CONVERSION = YES;
				CLANG_WARN_DEPRECATED_OBJC_IMPLEMENTATIONS = YES;
				CLANG_WARN_DIRECT_OBJC_ISA_USAGE = YES_ERROR;
				CLANG_WARN_DOCUMENTATION_COMMENTS = YES;
				CLANG_WARN_EMPTY_BODY = YES;
				CLANG_WARN_ENUM_CONVERSION = YES;
				CLANG_WARN_INFINITE_RECURSION = YES;
				CLANG_WARN_INT_CONVERSION = YES;
				CLANG_WARN_NON_LITERAL_NULL_CONVERSION = YES;
				CLANG_WARN_OBJC_IMPLICIT_RETAIN_SELF = YES;
				CLANG_WARN_OBJC_LITERAL_CONVERSION = YES;
				CLANG_WARN_OBJC_ROOT_CLASS = YES_ERROR;
				CLANG_WARN_RANGE_LOOP_ANALYSIS = YES;
				CLANG_WARN_STRICT_PROTOTYPES = YES;
				CLANG_WARN_SUSPICIOUS_MOVE = YES;
				CLANG_WARN_UNGUARDED_AVAILABILITY = YES_AGGRESSIVE;
				CLANG_WARN_UNREACHABLE_CODE = YES;
				CLANG_WARN__DUPLICATE_METHOD_MATCH = YES;
				CODE_SIGN_IDENTITY = "iPhone Developer";
				COPY_PHASE_STRIP = NO;
				DEBUG_INFORMATION_FORMAT = dwarf;
				ENABLE_STRICT_OBJC_MSGSEND = YES;
				ENABLE_TESTABILITY = YES;
				GCC_C_LANGUAGE_STANDARD = gnu11;
				GCC_DYNAMIC_NO_PIC = NO;
				GCC_NO_COMMON_BLOCKS = YES;
				GCC_OPTIMIZATION_LEVEL = 0;
				GCC_PREPROCESSOR_DEFINITIONS = (
					"DEBUG=1",
					"$(inherited)",
				);
				GCC_WARN_64_TO_32_BIT_CONVERSION = YES;
				GCC_WARN_ABOUT_RETURN_TYPE = YES_ERROR;
				GCC_WARN_UNDECLARED_SELECTOR = YES;
				GCC_WARN_UNINITIALIZED_AUTOS = YES_AGGRESSIVE;
				GCC_WARN_UNUSED_FUNCTION = YES;
				GCC_WARN_UNUSED_VARIABLE = YES;
				IPHONEOS_DEPLOYMENT_TARGET = 12.4;
				MTL_ENABLE_DEBUG_INFO = INCLUDE_SOURCE;
				MTL_FAST_MATH = YES;
				ONLY_ACTIVE_ARCH = YES;
				SDKROOT = iphoneos;
				SWIFT_ACTIVE_COMPILATION_CONDITIONS = DEBUG;
				SWIFT_OPTIMIZATION_LEVEL = "-Onone";
			};
			name = Debug;
		};
		D40FD9FF2538A5DD0067EB76 /* Release */ = {
			isa = XCBuildConfiguration;
			buildSettings = {
				ALWAYS_SEARCH_USER_PATHS = NO;
				CLANG_ANALYZER_NONNULL = YES;
				CLANG_ANALYZER_NUMBER_OBJECT_CONVERSION = YES_AGGRESSIVE;
				CLANG_CXX_LANGUAGE_STANDARD = "gnu++14";
				CLANG_CXX_LIBRARY = "libc++";
				CLANG_ENABLE_MODULES = YES;
				CLANG_ENABLE_OBJC_ARC = YES;
				CLANG_ENABLE_OBJC_WEAK = YES;
				CLANG_WARN_BLOCK_CAPTURE_AUTORELEASING = YES;
				CLANG_WARN_BOOL_CONVERSION = YES;
				CLANG_WARN_COMMA = YES;
				CLANG_WARN_CONSTANT_CONVERSION = YES;
				CLANG_WARN_DEPRECATED_OBJC_IMPLEMENTATIONS = YES;
				CLANG_WARN_DIRECT_OBJC_ISA_USAGE = YES_ERROR;
				CLANG_WARN_DOCUMENTATION_COMMENTS = YES;
				CLANG_WARN_EMPTY_BODY = YES;
				CLANG_WARN_ENUM_CONVERSION = YES;
				CLANG_WARN_INFINITE_RECURSION = YES;
				CLANG_WARN_INT_CONVERSION = YES;
				CLANG_WARN_NON_LITERAL_NULL_CONVERSION = YES;
				CLANG_WARN_OBJC_IMPLICIT_RETAIN_SELF = YES;
				CLANG_WARN_OBJC_LITERAL_CONVERSION = YES;
				CLANG_WARN_OBJC_ROOT_CLASS = YES_ERROR;
				CLANG_WARN_RANGE_LOOP_ANALYSIS = YES;
				CLANG_WARN_STRICT_PROTOTYPES = YES;
				CLANG_WARN_SUSPICIOUS_MOVE = YES;
				CLANG_WARN_UNGUARDED_AVAILABILITY = YES_AGGRESSIVE;
				CLANG_WARN_UNREACHABLE_CODE = YES;
				CLANG_WARN__DUPLICATE_METHOD_MATCH = YES;
				CODE_SIGN_IDENTITY = "iPhone Developer";
				COPY_PHASE_STRIP = NO;
				DEBUG_INFORMATION_FORMAT = "dwarf-with-dsym";
				ENABLE_NS_ASSERTIONS = NO;
				ENABLE_STRICT_OBJC_MSGSEND = YES;
				GCC_C_LANGUAGE_STANDARD = gnu11;
				GCC_NO_COMMON_BLOCKS = YES;
				GCC_WARN_64_TO_32_BIT_CONVERSION = YES;
				GCC_WARN_ABOUT_RETURN_TYPE = YES_ERROR;
				GCC_WARN_UNDECLARED_SELECTOR = YES;
				GCC_WARN_UNINITIALIZED_AUTOS = YES_AGGRESSIVE;
				GCC_WARN_UNUSED_FUNCTION = YES;
				GCC_WARN_UNUSED_VARIABLE = YES;
				IPHONEOS_DEPLOYMENT_TARGET = 12.4;
				MTL_ENABLE_DEBUG_INFO = NO;
				MTL_FAST_MATH = YES;
				SDKROOT = iphoneos;
				SWIFT_COMPILATION_MODE = wholemodule;
				SWIFT_OPTIMIZATION_LEVEL = "-O";
				VALIDATE_PRODUCT = YES;
			};
			name = Release;
		};
		D40FDA012538A5DD0067EB76 /* Debug */ = {
			isa = XCBuildConfiguration;
			buildSettings = {
				ASSETCATALOG_COMPILER_APPICON_NAME = AppIcon;
				CODE_SIGN_STYLE = Automatic;
				INFOPLIST_FILE = MyContacts/Info.plist;
				LD_RUNPATH_SEARCH_PATHS = (
					"$(inherited)",
					"@executable_path/Frameworks",
				);
				PRODUCT_BUNDLE_IDENTIFIER = edu.rockvalleycollege.MyContacts;
				PRODUCT_NAME = "$(TARGET_NAME)";
				SWIFT_VERSION = 5.0;
				TARGETED_DEVICE_FAMILY = 1;
			};
			name = Debug;
		};
		D40FDA022538A5DD0067EB76 /* Release */ = {
			isa = XCBuildConfiguration;
			buildSettings = {
				ASSETCATALOG_COMPILER_APPICON_NAME = AppIcon;
				CODE_SIGN_STYLE = Automatic;
				INFOPLIST_FILE = MyContacts/Info.plist;
				LD_RUNPATH_SEARCH_PATHS = (
					"$(inherited)",
					"@executable_path/Frameworks",
				);
				PRODUCT_BUNDLE_IDENTIFIER = edu.rockvalleycollege.MyContacts;
				PRODUCT_NAME = "$(TARGET_NAME)";
				SWIFT_VERSION = 5.0;
				TARGETED_DEVICE_FAMILY = 1;
			};
			name = Release;
		};
/* End XCBuildConfiguration section */

/* Begin XCConfigurationList section */
		D40FD9E62538A5DC0067EB76 /* Build configuration list for PBXProject "MyContacts" */ = {
			isa = XCConfigurationList;
			buildConfigurations = (
				D40FD9FE2538A5DD0067EB76 /* Debug */,
				D40FD9FF2538A5DD0067EB76 /* Release */,
			);
			defaultConfigurationIsVisible = 0;
			defaultConfigurationName = Release;
		};
		D40FDA002538A5DD0067EB76 /* Build configuration list for PBXNativeTarget "MyContacts" */ = {
			isa = XCConfigurationList;
			buildConfigurations = (
				D40FDA012538A5DD0067EB76 /* Debug */,
				D40FDA022538A5DD0067EB76 /* Release */,
			);
			defaultConfigurationIsVisible = 0;
			defaultConfigurationName = Release;
		};
/* End XCConfigurationList section */

/* Begin XCVersionGroup section */
		D40FD9F52538A5DC0067EB76 /* MyContacts.xcdatamodeld */ = {
			isa = XCVersionGroup;
			children = (
				D40FD9F62538A5DC0067EB76 /* MyContacts.xcdatamodel */,
			);
			currentVersion = D40FD9F62538A5DC0067EB76 /* MyContacts.xcdatamodel */;
			path = MyContacts.xcdatamodeld;
			sourceTree = "<group>";
			versionGroupType = wrapper.xcdatamodel;
		};
/* End XCVersionGroup section */
	};
	rootObject = D40FD9E32538A5DC0067EB76 /* Project object */;
}
